<?xml version="1.0" encoding="utf-8"?>
<Project ToolsVersion="17.0" xmlns="http://schemas.microsoft.com/developer/msbuild/2003">
  <ItemGroup>
    <CustomBuild Include="C:\Users\pawel\OneDrive\Pulpit\Projekt JPO\Kalkulator\CMakeFiles\0978497f1177e5d36ad9579d21c17b49\generate.stamp.rule">
      <Filter>CMake Rules</Filter>
    </CustomBuild>
  </ItemGroup>
  <ItemGroup>
    <Filter Include="CMake Rules">
      <UniqueIdentifier>{3CFF5592-CB8B-3FFC-A08A-80300FE18EFC}</UniqueIdentifier>
    </Filter>
  </ItemGroup>
</Project>
